
Microsoft Visual Studio Solution File, Format Version 12.00
# Visual Studio Version 16
VisualStudioVersion = 16.0.32126.315
MinimumVisualStudioVersion = 10.0.40219.1
Project("{FAE04EC0-301F-11D3-BF4B-00C04F79EFBC}") = "NMVSReceiver", "NMVSReceiver.csproj", "{07AC546A-7B89-489F-94BD-67775D94E25E}"
EndProject
Global
	GlobalSection(SolutionConfigurationPlatforms) = preSolution
		Debug|Any CPU = Debug|Any CPU
		Release|Any CPU = Release|Any CPU
	EndGlobalSection
	GlobalSection(ProjectConfigurationPlatforms) = postSolution
		{07AC546A-7B89-489F-94BD-67775D94E25E}.Debug|Any CPU.ActiveCfg = Debug|Any CPU
		{07AC546A-7B89-489F-94BD-67775D94E25E}.Debug|Any CPU.Build.0 = Debug|Any CPU
		{07AC546A-7B89-489F-94BD-67775D94E25E}.Release|Any CPU.ActiveCfg = Release|Any CPU
		{07AC546A-7B89-489F-94BD-67775D94E25E}.Release|Any CPU.Build.0 = Release|Any CPU
	EndGlobalSection
	GlobalSection(SolutionProperties) = preSolution
		HideSolutionNode = FALSE
	EndGlobalSection
	GlobalSection(ExtensibilityGlobals) = postSolution
		SolutionGuid = {167633FE-9C3D-45EF-BAD5-48A57D041C79}
	EndGlobalSection
EndGlobal
